
Microsoft Visual Studio Solution File, Format Version 12.00
# Visual Studio Version 17
VisualStudioVersion = 17.0.32112.339
MinimumVisualStudioVersion = 10.0.40219.1
Project("{FAE04EC0-301F-11D3-BF4B-00C04F79EFBC}") = "wdLibreria", "wdLibreria\wdLibreria.csproj", "{DC9C2C76-7F44-4421-B8B1-86A8D82E8CE8}"
EndProject
Global
	GlobalSection(SolutionConfigurationPlatforms) = preSolution
		Debug|Any CPU = Debug|Any CPU
		Release|Any CPU = Release|Any CPU
	EndGlobalSection
	GlobalSection(ProjectConfigurationPlatforms) = postSolution
		{DC9C2C76-7F44-4421-B8B1-86A8D82E8CE8}.Debug|Any CPU.ActiveCfg = Debug|Any CPU
		{DC9C2C76-7F44-4421-B8B1-86A8D82E8CE8}.Debug|Any CPU.Build.0 = Debug|Any CPU
		{DC9C2C76-7F44-4421-B8B1-86A8D82E8CE8}.Release|Any CPU.ActiveCfg = Release|Any CPU
		{DC9C2C76-7F44-4421-B8B1-86A8D82E8CE8}.Release|Any CPU.Build.0 = Release|Any CPU
	EndGlobalSection
	GlobalSection(SolutionProperties) = preSolution
		HideSolutionNode = FALSE
	EndGlobalSection
	GlobalSection(ExtensibilityGlobals) = postSolution
		SolutionGuid = {03AC2FA7-F85C-4D52-A082-BE73935581EF}
	EndGlobalSection
EndGlobal
